
Microsoft Visual Studio Solution File, Format Version 12.00
# Visual Studio Version 16
VisualStudioVersion = 25.0.1705.0
MinimumVisualStudioVersion = 10.0.40219.1
Project("{FAE04EC0-301F-11D3-BF4B-00C04F79EFBC}") = "EticaretServer", "EticaretServer.csproj", "{62215D93-4BA0-4618-9C6A-7B82581D9754}"
EndProject
Global
	GlobalSection(SolutionConfigurationPlatforms) = preSolution
		Debug|Any CPU = Debug|Any CPU
		Release|Any CPU = Release|Any CPU
	EndGlobalSection
	GlobalSection(ProjectConfigurationPlatforms) = postSolution
		{62215D93-4BA0-4618-9C6A-7B82581D9754}.Debug|Any CPU.ActiveCfg = Debug|Any CPU
		{62215D93-4BA0-4618-9C6A-7B82581D9754}.Debug|Any CPU.Build.0 = Debug|Any CPU
		{62215D93-4BA0-4618-9C6A-7B82581D9754}.Release|Any CPU.ActiveCfg = Release|Any CPU
		{62215D93-4BA0-4618-9C6A-7B82581D9754}.Release|Any CPU.Build.0 = Release|Any CPU
	EndGlobalSection
	GlobalSection(SolutionProperties) = preSolution
		HideSolutionNode = FALSE
	EndGlobalSection
	GlobalSection(ExtensibilityGlobals) = postSolution
		SolutionGuid = {818FD900-3140-4647-A232-A154DB8382F7}
	EndGlobalSection
EndGlobal
